
Microsoft Visual Studio Solution File, Format Version 12.00
# Visual Studio 2017
Project("{FAE04EC0-301F-11D3-BF4B-00C04F79EFBC}") = "God vs sinners 2", "God vs sinners 2.csproj", "{F4BA8EE9-9FD7-A6C2-E2CD-344578C444D3}"
EndProject
Project("{FAE04EC0-301F-11D3-BF4B-00C04F79EFBC}") = "God vs sinners 2.Editor", "God vs sinners 2.Editor.csproj", "{92F6D150-0C04-5F0A-CCF9-BA914C41E337}"
EndProject
Global
	GlobalSection(SolutionConfigurationPlatforms) = preSolution
		Debug|Any CPU = Debug|Any CPU
		Release|Any CPU = Release|Any CPU
	EndGlobalSection
	GlobalSection(ProjectConfigurationPlatforms) = postSolution
		{F4BA8EE9-9FD7-A6C2-E2CD-344578C444D3}.Debug|Any CPU.ActiveCfg = Debug|Any CPU
		{F4BA8EE9-9FD7-A6C2-E2CD-344578C444D3}.Debug|Any CPU.Build.0 = Debug|Any CPU
		{F4BA8EE9-9FD7-A6C2-E2CD-344578C444D3}.Release|Any CPU.ActiveCfg = Release|Any CPU
		{F4BA8EE9-9FD7-A6C2-E2CD-344578C444D3}.Release|Any CPU.Build.0 = Release|Any CPU
		{92F6D150-0C04-5F0A-CCF9-BA914C41E337}.Debug|Any CPU.ActiveCfg = Debug|Any CPU
		{92F6D150-0C04-5F0A-CCF9-BA914C41E337}.Debug|Any CPU.Build.0 = Debug|Any CPU
		{92F6D150-0C04-5F0A-CCF9-BA914C41E337}.Release|Any CPU.ActiveCfg = Release|Any CPU
		{92F6D150-0C04-5F0A-CCF9-BA914C41E337}.Release|Any CPU.Build.0 = Release|Any CPU
	EndGlobalSection
	GlobalSection(SolutionProperties) = preSolution
		HideSolutionNode = FALSE
	EndGlobalSection
EndGlobal
