
Microsoft Visual Studio Solution File, Format Version 12.00
<<<<<<< HEAD
# Visual Studio 2017
Project("{FAE04EC0-301F-11D3-BF4B-00C04F79EFBC}") = "God vs sinners 2", "God vs sinners 2.csproj", "{F4BA8EE9-9FD7-A6C2-E2CD-344578C444D3}"
=======
# Visual Studio 2015
Project("{FAE04EC0-301F-11D3-BF4B-00C04F79EFBC}") = "God vs sinners 2.CSharp", "God vs sinners 2.CSharp.csproj", "{A1566FC7-5C21-EEAD-839B-489149FD4EF9}"
>>>>>>> origin/master
EndProject
Global
	GlobalSection(SolutionConfigurationPlatforms) = preSolution
		Debug|Any CPU = Debug|Any CPU
		Release|Any CPU = Release|Any CPU
	EndGlobalSection
	GlobalSection(ProjectConfigurationPlatforms) = postSolution
<<<<<<< HEAD
		{F4BA8EE9-9FD7-A6C2-E2CD-344578C444D3}.Debug|Any CPU.ActiveCfg = Debug|Any CPU
		{F4BA8EE9-9FD7-A6C2-E2CD-344578C444D3}.Debug|Any CPU.Build.0 = Debug|Any CPU
		{F4BA8EE9-9FD7-A6C2-E2CD-344578C444D3}.Release|Any CPU.ActiveCfg = Release|Any CPU
		{F4BA8EE9-9FD7-A6C2-E2CD-344578C444D3}.Release|Any CPU.Build.0 = Release|Any CPU
=======
		{A1566FC7-5C21-EEAD-839B-489149FD4EF9}.Debug|Any CPU.ActiveCfg = Debug|Any CPU
		{A1566FC7-5C21-EEAD-839B-489149FD4EF9}.Debug|Any CPU.Build.0 = Debug|Any CPU
		{A1566FC7-5C21-EEAD-839B-489149FD4EF9}.Release|Any CPU.ActiveCfg = Release|Any CPU
		{A1566FC7-5C21-EEAD-839B-489149FD4EF9}.Release|Any CPU.Build.0 = Release|Any CPU
>>>>>>> origin/master
	EndGlobalSection
	GlobalSection(SolutionProperties) = preSolution
		HideSolutionNode = FALSE
	EndGlobalSection
EndGlobal
